{
    "egulias/email-validator": {
        "version": "2.1.11"
    },
    "swiftmailer/swiftmailer": {
        "version": "v6.2.1"
    },
    "symfony/swiftmailer-bundle": {
        "version": "2.5",
        "recipe": {
            "repo": "github.com/symfony/recipes",
            "branch": "master",
            "version": "2.5",
            "ref": "429afc6c6778a1fdddb52a4f708cd94ff2c9960f"
        },
        "files": [
            "config/packages/dev/swiftmailer.yaml",
            "config/packages/swiftmailer.yaml",
            "config/packages/test/swiftmailer.yaml"
        ]
    }
}
